{
  "name": "@vestfoldfylke/vfk-cli",
  "version": "1.0.0",
  "lockfileVersion": 3,
  "requires": true,
  "packages": {
    "": {
      "name": "@vestfoldfylke/vfk-cli",
      "version": "1.0.0",
      "license": "MIT",
      "dependencies": {
        "semver": "^7.7.3",
        "yocto-spinner": "^1.0.0",
        "zod": "^4.1.12"
      },
      "bin": {
        "vfk": "bin/vfk.js"
      }
    },
    "node_modules/semver": {
      "version": "7.7.3",
      "resolved": "https://registry.npmjs.org/semver/-/semver-7.7.3.tgz",
      "integrity": "sha512-SdsKMrI9TdgjdweUSR9MweHA4EJ8YxHn8DFaDisvhVlUOe4BF1tLD7GAj0lIqWVl+dPb/rExr0Btby5loQm20Q==",
      "license": "ISC",
      "bin": {
        "semver": "bin/semver.js"
      },
      "engines": {
        "node": ">=10"
      }
    },
    "node_modules/yocto-spinner": {
      "version": "1.0.0",
      "resolved": "https://registry.npmjs.org/yocto-spinner/-/yocto-spinner-1.0.0.tgz",
      "integrity": "sha512-VPX8P/+Z2Fnpx8PC/JELbxp3QRrBxjAekio6yulGtA5gKt9YyRc5ycCb+NHgZCbZ0kx9KxwZp7gC6UlrCcCdSQ==",
      "license": "MIT",
      "dependencies": {
        "yoctocolors": "^2.1.1"
      },
      "engines": {
        "node": ">=18.19"
      },
      "funding": {
        "url": "https://github.com/sponsors/sindresorhus"
      }
    },
    "node_modules/yoctocolors": {
      "version": "2.1.2",
      "resolved": "https://registry.npmjs.org/yoctocolors/-/yoctocolors-2.1.2.tgz",
      "integrity": "sha512-CzhO+pFNo8ajLM2d2IW/R93ipy99LWjtwblvC1RsoSUMZgyLbYFr221TnSNT7GjGdYui6P459mw9JH/g/zW2ug==",
      "license": "MIT",
      "engines": {
        "node": ">=18"
      },
      "funding": {
        "url": "https://github.com/sponsors/sindresorhus"
      }
    },
    "node_modules/zod": {
      "version": "4.1.12",
      "resolved": "https://registry.npmjs.org/zod/-/zod-4.1.12.tgz",
      "integrity": "sha512-JInaHOamG8pt5+Ey8kGmdcAcg3OL9reK8ltczgHTAwNhMys/6ThXHityHxVV2p3fkw/c+MAvBHFVYHFZDmjMCQ==",
      "license": "MIT",
      "funding": {
        "url": "https://github.com/sponsors/colinhacks"
      }
    }
  }
}
